
Microsoft Visual Studio Solution File, Format Version 12.00
# Visual Studio Version 16
VisualStudioVersion = 16.0.29905.134
MinimumVisualStudioVersion = 10.0.40219.1
Project("{FAE04EC0-301F-11D3-BF4B-00C04F79EFBC}") = "Spell-A-Man", "Spell-A-Man\Spell-A-Man.csproj", "{1BEF3935-165B-4D29-84E6-440BE0FB9AE0}"
EndProject
Global
	GlobalSection(SolutionConfigurationPlatforms) = preSolution
		Debug|Any CPU = Debug|Any CPU
		Release|Any CPU = Release|Any CPU
	EndGlobalSection
	GlobalSection(ProjectConfigurationPlatforms) = postSolution
		{1BEF3935-165B-4D29-84E6-440BE0FB9AE0}.Debug|Any CPU.ActiveCfg = Debug|Any CPU
		{1BEF3935-165B-4D29-84E6-440BE0FB9AE0}.Debug|Any CPU.Build.0 = Debug|Any CPU
		{1BEF3935-165B-4D29-84E6-440BE0FB9AE0}.Release|Any CPU.ActiveCfg = Release|Any CPU
		{1BEF3935-165B-4D29-84E6-440BE0FB9AE0}.Release|Any CPU.Build.0 = Release|Any CPU
	EndGlobalSection
	GlobalSection(SolutionProperties) = preSolution
		HideSolutionNode = FALSE
	EndGlobalSection
	GlobalSection(ExtensibilityGlobals) = postSolution
		SolutionGuid = {E6C69895-8CEC-491C-814E-8E931C9D9977}
	EndGlobalSection
EndGlobal
